
Microsoft Visual Studio Solution File, Format Version 12.00
# Visual Studio Version 17
VisualStudioVersion = 17.7.34003.232
MinimumVisualStudioVersion = 10.0.40219.1
Project("{FAE04EC0-301F-11D3-BF4B-00C04F79EFBC}") = "parcial-practico1-tdsv01a", "parcial-practico1-tdsv01a.csproj", "{6764CE2A-A0F7-49F1-875E-1DE8C056EF68}"
EndProject
Global
	GlobalSection(SolutionConfigurationPlatforms) = preSolution
		Debug|Any CPU = Debug|Any CPU
		Release|Any CPU = Release|Any CPU
	EndGlobalSection
	GlobalSection(ProjectConfigurationPlatforms) = postSolution
		{6764CE2A-A0F7-49F1-875E-1DE8C056EF68}.Debug|Any CPU.ActiveCfg = Debug|Any CPU
		{6764CE2A-A0F7-49F1-875E-1DE8C056EF68}.Debug|Any CPU.Build.0 = Debug|Any CPU
		{6764CE2A-A0F7-49F1-875E-1DE8C056EF68}.Release|Any CPU.ActiveCfg = Release|Any CPU
		{6764CE2A-A0F7-49F1-875E-1DE8C056EF68}.Release|Any CPU.Build.0 = Release|Any CPU
	EndGlobalSection
	GlobalSection(SolutionProperties) = preSolution
		HideSolutionNode = FALSE
	EndGlobalSection
	GlobalSection(ExtensibilityGlobals) = postSolution
		SolutionGuid = {C0EB95CC-141F-4D17-A32C-B92DB8A0EED8}
	EndGlobalSection
EndGlobal
